
Microsoft Visual Studio Solution File, Format Version 12.00
# Visual Studio 15
VisualStudioVersion = 15.0.28010.2036
MinimumVisualStudioVersion = 10.0.40219.1
Project("{FAE04EC0-301F-11D3-BF4B-00C04F79EFBC}") = "PriorityQueue", "PriorityQueue\PriorityQueue.csproj", "{0E1432BC-8718-4F2E-87F2-4FB67BFEDC41}"
EndProject
Project("{FAE04EC0-301F-11D3-BF4B-00C04F79EFBC}") = "BinarySearch", "BinarySearch\BinarySearch.csproj", "{63D3D995-AF3D-4526-8CAD-93B65FDCB25D}"
EndProject
Global
	GlobalSection(SolutionConfigurationPlatforms) = preSolution
		Debug|Any CPU = Debug|Any CPU
		Release|Any CPU = Release|Any CPU
	EndGlobalSection
	GlobalSection(ProjectConfigurationPlatforms) = postSolution
		{0E1432BC-8718-4F2E-87F2-4FB67BFEDC41}.Debug|Any CPU.ActiveCfg = Debug|Any CPU
		{0E1432BC-8718-4F2E-87F2-4FB67BFEDC41}.Debug|Any CPU.Build.0 = Debug|Any CPU
		{0E1432BC-8718-4F2E-87F2-4FB67BFEDC41}.Release|Any CPU.ActiveCfg = Release|Any CPU
		{0E1432BC-8718-4F2E-87F2-4FB67BFEDC41}.Release|Any CPU.Build.0 = Release|Any CPU
		{63D3D995-AF3D-4526-8CAD-93B65FDCB25D}.Debug|Any CPU.ActiveCfg = Debug|Any CPU
		{63D3D995-AF3D-4526-8CAD-93B65FDCB25D}.Debug|Any CPU.Build.0 = Debug|Any CPU
		{63D3D995-AF3D-4526-8CAD-93B65FDCB25D}.Release|Any CPU.ActiveCfg = Release|Any CPU
		{63D3D995-AF3D-4526-8CAD-93B65FDCB25D}.Release|Any CPU.Build.0 = Release|Any CPU
	EndGlobalSection
	GlobalSection(SolutionProperties) = preSolution
		HideSolutionNode = FALSE
	EndGlobalSection
	GlobalSection(ExtensibilityGlobals) = postSolution
		SolutionGuid = {4D6E93B8-6373-4990-A114-E9BBC4393194}
	EndGlobalSection
EndGlobal
